github.com/cespare/xxhash/v2 v2.2.0 h1:DC2CZ1Ep5Y4k3ZQ899DldepgrayRUGE6BBZ/cd9Cj44=
github.com/cespare/xxhash/v2 v2.2.0/go.mod h1:VGX0DQ3Q6kWi7AoAeZDth3/j3BFtOZR5XLFGgcrjCOs=
github.com/dgryski/go-rendezvous v0.0.0-20200823014737-9f7001d12a5f h1:lO4WD4F/rVNCu3HqELle0jiPLLBs70cWOduZpkS1E78=
github.com/dgryski/go-rendezvous v0.0.0-20200823014737-9f7001d12a5f/go.mod h1:cuUVRXasLTGF7a8hSLbxyZXjz+1KgoB3wDUb6vlszIc=
github.com/maniakalen/queue v1.0.1 h1:EcgYcGfQfEwc9UUT8QIZJ68kFKbj29Yr2D7M00HXV88=
github.com/maniakalen/queue v1.0.1/go.mod h1:GT8KU7PEv/rgXnDmdo/NV9ggFUTd+nyEUlX7n0zpwdw=
github.com/maniakalen/queue v1.0.2 h1:ZmNJyP5PXfbRQEA7zRBV3rWEHDiO14uTFz00WjnaMyE=
github.com/maniakalen/queue v1.0.2/go.mod h1:GT8KU7PEv/rgXnDmdo/NV9ggFUTd+nyEUlX7n0zpwdw=
github.com/maniakalen/queue v1.0.3 h1:1ndl0FAhoOj7PXHX5IcIsNGGhVf9tZL2fPTF4KxgREc=
github.com/maniakalen/queue v1.0.3/go.mod h1:GT8KU7PEv/rgXnDmdo/NV9ggFUTd+nyEUlX7n0zpwdw=
github.com/redis/go-redis/v9 v9.7.3 h1:YpPyAayJV+XErNsatSElgRZZVCwXX9QzkKYNvO7x0wM=
github.com/redis/go-redis/v9 v9.7.3/go.mod h1:bGUrSggJ9X9GUmZpZNEOQKaANxSGgOEBRltRTZHSvrA=
golang.org/x/net v0.30.0 h1:AcW1SDZMkb8IpzCdQUaIq2sP4sZ4zw+55h6ynffypl4=
golang.org/x/net v0.30.0/go.mod h1:2wGyMJ5iFasEhkwi13ChkO/t1ECNC4X4eBKkVFyYFlU=
golang.org/x/net v0.34.0 h1:Mb7Mrk043xzHgnRM88suvJFwzVrRfHEHJEl5/71CKw0=
golang.org/x/net v0.34.0/go.mod h1:di0qlW3YNM5oh6GqDGQr92MyTozJPmybPK4Ev/Gm31k=
golang.org/x/net v0.38.0 h1:vRMAPTMaeGqVhG5QyLJHqNDwecKTomGeqbnfZyKlBI8=
golang.org/x/net v0.38.0/go.mod h1:ivrbrMbzFq5J41QOQh0siUuly180yBYtLp+CKbEaFx8=
